
Microsoft Visual Studio Solution File, Format Version 12.00
# Visual Studio Version 17
VisualStudioVersion = 17.5.002.0
MinimumVisualStudioVersion = 10.0.40219.1
Project("{9A19103F-16F7-4668-BE54-9A1E7A4F7556}") = "MiniChallenge2-4EndpointsMVC", "MiniChallenge2-4EndpointsMVC.csproj", "{68DEB90D-0451-4AA2-BBFA-F3DD25D2A424}"
EndProject
Global
	GlobalSection(SolutionConfigurationPlatforms) = preSolution
		Debug|Any CPU = Debug|Any CPU
		Release|Any CPU = Release|Any CPU
	EndGlobalSection
	GlobalSection(ProjectConfigurationPlatforms) = postSolution
		{68DEB90D-0451-4AA2-BBFA-F3DD25D2A424}.Debug|Any CPU.ActiveCfg = Debug|Any CPU
		{68DEB90D-0451-4AA2-BBFA-F3DD25D2A424}.Debug|Any CPU.Build.0 = Debug|Any CPU
		{68DEB90D-0451-4AA2-BBFA-F3DD25D2A424}.Release|Any CPU.ActiveCfg = Release|Any CPU
		{68DEB90D-0451-4AA2-BBFA-F3DD25D2A424}.Release|Any CPU.Build.0 = Release|Any CPU
	EndGlobalSection
	GlobalSection(SolutionProperties) = preSolution
		HideSolutionNode = FALSE
	EndGlobalSection
	GlobalSection(ExtensibilityGlobals) = postSolution
		SolutionGuid = {7BFA2186-5809-4112-BEAD-AE29AE33B597}
	EndGlobalSection
EndGlobal
